// !$*UTF8*$!
{
	archiveVersion = 1;
	classes = {
	};
	objectVersion = 46;
	objects = {

/* Begin PBXBuildFile section */
		EE26DBF91EE745F70076EB04 /* AppDelegate.swift in Sources */ = {isa = PBXBuildFile; fileRef = EE26DBF81EE745F70076EB04 /* AppDelegate.swift */; };
		EE26DBFB1EE745F70076EB04 /* MainVC.swift in Sources */ = {isa = PBXBuildFile; fileRef = EE26DBFA1EE745F70076EB04 /* MainVC.swift */; };
		EE26DBFE1EE745F70076EB04 /* Main.storyboard in Resources */ = {isa = PBXBuildFile; fileRef = EE26DBFC1EE745F70076EB04 /* Main.storyboard */; };
		EE26DC011EE745F70076EB04 /* DreamLister.xcdatamodeld in Sources */ = {isa = PBXBuildFile; fileRef = EE26DBFF1EE745F70076EB04 /* DreamLister.xcdatamodeld */; };
		EE26DC031EE745F70076EB04 /* Assets.xcassets in Resources */ = {isa = PBXBuildFile; fileRef = EE26DC021EE745F70076EB04 /* Assets.xcassets */; };
		EE26DC061EE745F70076EB04 /* LaunchScreen.storyboard in Resources */ = {isa = PBXBuildFile; fileRef = EE26DC041EE745F70076EB04 /* LaunchScreen.storyboard */; };
		EE26DC0E1EE7460B0076EB04 /* CustomTextField.swift in Sources */ = {isa = PBXBuildFile; fileRef = EE26DC0D1EE7460B0076EB04 /* CustomTextField.swift */; };
		EE4E70841EE74C1D00B48CA0 /* Item+CoreDataClass.swift in Sources */ = {isa = PBXBuildFile; fileRef = EE4E707C1EE74C1D00B48CA0 /* Item+CoreDataClass.swift */; };
		EE4E70851EE74C1D00B48CA0 /* Item+CoreDataProperties.swift in Sources */ = {isa = PBXBuildFile; fileRef = EE4E707D1EE74C1D00B48CA0 /* Item+CoreDataProperties.swift */; };
		EE4E70861EE74C1D00B48CA0 /* Image+CoreDataClass.swift in Sources */ = {isa = PBXBuildFile; fileRef = EE4E707E1EE74C1D00B48CA0 /* Image+CoreDataClass.swift */; };
		EE4E70871EE74C1D00B48CA0 /* Image+CoreDataProperties.swift in Sources */ = {isa = PBXBuildFile; fileRef = EE4E707F1EE74C1D00B48CA0 /* Image+CoreDataProperties.swift */; };
		EE4E70881EE74C1D00B48CA0 /* Store+CoreDataClass.swift in Sources */ = {isa = PBXBuildFile; fileRef = EE4E70801EE74C1D00B48CA0 /* Store+CoreDataClass.swift */; };
		EE4E70891EE74C1D00B48CA0 /* Store+CoreDataProperties.swift in Sources */ = {isa = PBXBuildFile; fileRef = EE4E70811EE74C1D00B48CA0 /* Store+CoreDataProperties.swift */; };
		EE4E708A1EE74C1D00B48CA0 /* ItemType+CoreDataClass.swift in Sources */ = {isa = PBXBuildFile; fileRef = EE4E70821EE74C1D00B48CA0 /* ItemType+CoreDataClass.swift */; };
		EE4E708B1EE74C1D00B48CA0 /* ItemType+CoreDataProperties.swift in Sources */ = {isa = PBXBuildFile; fileRef = EE4E70831EE74C1D00B48CA0 /* ItemType+CoreDataProperties.swift */; };
		EE4E708E1EE7789D00B48CA0 /* MaterialView.swift in Sources */ = {isa = PBXBuildFile; fileRef = EE4E708D1EE7789D00B48CA0 /* MaterialView.swift */; };
		EE4E70901EE77C9000B48CA0 /* ItemCell.swift in Sources */ = {isa = PBXBuildFile; fileRef = EE4E708F1EE77C9000B48CA0 /* ItemCell.swift */; };
		EE86ADD71EE9F115006B993C /* ItemDetailsVC.swift in Sources */ = {isa = PBXBuildFile; fileRef = EE86ADD61EE9F115006B993C /* ItemDetailsVC.swift */; };
/* End PBXBuildFile section */

/* Begin PBXFileReference section */
		EE26DBF51EE745F70076EB04 /* DreamLister.app */ = {isa = PBXFileReference; explicitFileType = wrapper.application; includeInIndex = 0; path = DreamLister.app; sourceTree = BUILT_PRODUCTS_DIR; };
		EE26DBF81EE745F70076EB04 /* AppDelegate.swift */ = {isa = PBXFileReference; lastKnownFileType = sourcecode.swift; path = AppDelegate.swift; sourceTree = "<group>"; };
		EE26DBFA1EE745F70076EB04 /* MainVC.swift */ = {isa = PBXFileReference; lastKnownFileType = sourcecode.swift; path = MainVC.swift; sourceTree = "<group>"; };
		EE26DBFD1EE745F70076EB04 /* Base */ = {isa = PBXFileReference; lastKnownFileType = file.storyboard; name = Base; path = Base.lproj/Main.storyboard; sourceTree = "<group>"; };
		EE26DC001EE745F70076EB04 /* DreamLister.xcdatamodel */ = {isa = PBXFileReference; lastKnownFileType = wrapper.xcdatamodel; path = DreamLister.xcdatamodel; sourceTree = "<group>"; };
		EE26DC021EE745F70076EB04 /* Assets.xcassets */ = {isa = PBXFileReference; lastKnownFileType = folder.assetcatalog; path = Assets.xcassets; sourceTree = "<group>"; };
		EE26DC051EE745F70076EB04 /* Base */ = {isa = PBXFileReference; lastKnownFileType = file.storyboard; name = Base; path = Base.lproj/LaunchScreen.storyboard; sourceTree = "<group>"; };
		EE26DC071EE745F70076EB04 /* Info.plist */ = {isa = PBXFileReference; lastKnownFileType = text.plist.xml; path = Info.plist; sourceTree = "<group>"; };
		EE26DC0D1EE7460B0076EB04 /* CustomTextField.swift */ = {isa = PBXFileReference; fileEncoding = 4; lastKnownFileType = sourcecode.swift; path = CustomTextField.swift; sourceTree = "<group>"; };
		EE4E707C1EE74C1D00B48CA0 /* Item+CoreDataClass.swift */ = {isa = PBXFileReference; fileEncoding = 4; lastKnownFileType = sourcecode.swift; path = "Item+CoreDataClass.swift"; sourceTree = "<group>"; };
		EE4E707D1EE74C1D00B48CA0 /* Item+CoreDataProperties.swift */ = {isa = PBXFileReference; fileEncoding = 4; lastKnownFileType = sourcecode.swift; path = "Item+CoreDataProperties.swift"; sourceTree = "<group>"; };
		EE4E707E1EE74C1D00B48CA0 /* Image+CoreDataClass.swift */ = {isa = PBXFileReference; fileEncoding = 4; lastKnownFileType = sourcecode.swift; path = "Image+CoreDataClass.swift"; sourceTree = "<group>"; };
		EE4E707F1EE74C1D00B48CA0 /* Image+CoreDataProperties.swift */ = {isa = PBXFileReference; fileEncoding = 4; lastKnownFileType = sourcecode.swift; path = "Image+CoreDataProperties.swift"; sourceTree = "<group>"; };
		EE4E70801EE74C1D00B48CA0 /* Store+CoreDataClass.swift */ = {isa = PBXFileReference; fileEncoding = 4; lastKnownFileType = sourcecode.swift; path = "Store+CoreDataClass.swift"; sourceTree = "<group>"; };
		EE4E70811EE74C1D00B48CA0 /* Store+CoreDataProperties.swift */ = {isa = PBXFileReference; fileEncoding = 4; lastKnownFileType = sourcecode.swift; path = "Store+CoreDataProperties.swift"; sourceTree = "<group>"; };
		EE4E70821EE74C1D00B48CA0 /* ItemType+CoreDataClass.swift */ = {isa = PBXFileReference; fileEncoding = 4; lastKnownFileType = sourcecode.swift; path = "ItemType+CoreDataClass.swift"; sourceTree = "<group>"; };
		EE4E70831EE74C1D00B48CA0 /* ItemType+CoreDataProperties.swift */ = {isa = PBXFileReference; fileEncoding = 4; lastKnownFileType = sourcecode.swift; path = "ItemType+CoreDataProperties.swift"; sourceTree = "<group>"; };
		EE4E708D1EE7789D00B48CA0 /* MaterialView.swift */ = {isa = PBXFileReference; fileEncoding = 4; lastKnownFileType = sourcecode.swift; path = MaterialView.swift; sourceTree = "<group>"; };
		EE4E708F1EE77C9000B48CA0 /* ItemCell.swift */ = {isa = PBXFileReference; fileEncoding = 4; lastKnownFileType = sourcecode.swift; path = ItemCell.swift; sourceTree = "<group>"; };
		EE86ADD61EE9F115006B993C /* ItemDetailsVC.swift */ = {isa = PBXFileReference; fileEncoding = 4; lastKnownFileType = sourcecode.swift; path = ItemDetailsVC.swift; sourceTree = "<group>"; };
/* End PBXFileReference section */

/* Begin PBXFrameworksBuildPhase section */
		EE26DBF21EE745F70076EB04 /* Frameworks */ = {
			isa = PBXFrameworksBuildPhase;
			buildActionMask = 2147483647;
			files = (
			);
			runOnlyForDeploymentPostprocessing = 0;
		};
/* End PBXFrameworksBuildPhase section */

/* Begin PBXGroup section */
		EE26DBEC1EE745F70076EB04 = {
			isa = PBXGroup;
			children = (
				EE26DBF71EE745F70076EB04 /* DreamLister */,
				EE26DBF61EE745F70076EB04 /* Products */,
			);
			sourceTree = "<group>";
		};
		EE26DBF61EE745F70076EB04 /* Products */ = {
			isa = PBXGroup;
			children = (
				EE26DBF51EE745F70076EB04 /* DreamLister.app */,
			);
			name = Products;
			sourceTree = "<group>";
		};
		EE26DBF71EE745F70076EB04 /* DreamLister */ = {
			isa = PBXGroup;
			children = (
				EE26DC1F1EE74AD60076EB04 /* Model */,
				EE4E708C1EE7788000B48CA0 /* View */,
				EE86ADD51EE9F0EC006B993C /* Controller */,
				EE26DBF81EE745F70076EB04 /* AppDelegate.swift */,
				EE26DBFC1EE745F70076EB04 /* Main.storyboard */,
				EE26DC021EE745F70076EB04 /* Assets.xcassets */,
				EE26DC041EE745F70076EB04 /* LaunchScreen.storyboard */,
				EE26DC071EE745F70076EB04 /* Info.plist */,
				EE26DBFF1EE745F70076EB04 /* DreamLister.xcdatamodeld */,
			);
			path = DreamLister;
			sourceTree = "<group>";
		};
		EE26DC1F1EE74AD60076EB04 /* Model */ = {
			isa = PBXGroup;
			children = (
				EE4E707E1EE74C1D00B48CA0 /* Image+CoreDataClass.swift */,
				EE4E70821EE74C1D00B48CA0 /* ItemType+CoreDataClass.swift */,
				EE4E707C1EE74C1D00B48CA0 /* Item+CoreDataClass.swift */,
				EE4E70801EE74C1D00B48CA0 /* Store+CoreDataClass.swift */,
				EE26DC201EE74ADD0076EB04 /* Generated */,
			);
			name = Model;
			sourceTree = "<group>";
		};
		EE26DC201EE74ADD0076EB04 /* Generated */ = {
			isa = PBXGroup;
			children = (
				EE4E70831EE74C1D00B48CA0 /* ItemType+CoreDataProperties.swift */,
				EE4E707F1EE74C1D00B48CA0 /* Image+CoreDataProperties.swift */,
				EE4E707D1EE74C1D00B48CA0 /* Item+CoreDataProperties.swift */,
				EE4E70811EE74C1D00B48CA0 /* Store+CoreDataProperties.swift */,
			);
			name = Generated;
			sourceTree = "<group>";
		};
		EE4E708C1EE7788000B48CA0 /* View */ = {
			isa = PBXGroup;
			children = (
				EE4E708D1EE7789D00B48CA0 /* MaterialView.swift */,
				EE4E708F1EE77C9000B48CA0 /* ItemCell.swift */,
				EE26DC0D1EE7460B0076EB04 /* CustomTextField.swift */,
			);
			name = View;
			sourceTree = "<group>";
		};
		EE86ADD51EE9F0EC006B993C /* Controller */ = {
			isa = PBXGroup;
			children = (
				EE26DBFA1EE745F70076EB04 /* MainVC.swift */,
				EE86ADD61EE9F115006B993C /* ItemDetailsVC.swift */,
			);
			name = Controller;
			sourceTree = "<group>";
		};
/* End PBXGroup section */

/* Begin PBXNativeTarget section */
		EE26DBF41EE745F70076EB04 /* DreamLister */ = {
			isa = PBXNativeTarget;
			buildConfigurationList = EE26DC0A1EE745F70076EB04 /* Build configuration list for PBXNativeTarget "DreamLister" */;
			buildPhases = (
				EE26DBF11EE745F70076EB04 /* Sources */,
				EE26DBF21EE745F70076EB04 /* Frameworks */,
				EE26DBF31EE745F70076EB04 /* Resources */,
			);
			buildRules = (
			);
			dependencies = (
			);
			name = DreamLister;
			productName = DreamLister;
			productReference = EE26DBF51EE745F70076EB04 /* DreamLister.app */;
			productType = "com.apple.product-type.application";
		};
/* End PBXNativeTarget section */

/* Begin PBXProject section */
		EE26DBED1EE745F70076EB04 /* Project object */ = {
			isa = PBXProject;
			attributes = {
				LastSwiftUpdateCheck = 0830;
				LastUpgradeCheck = 0830;
				ORGANIZATIONNAME = "Matt Tripodi";
				TargetAttributes = {
					EE26DBF41EE745F70076EB04 = {
						CreatedOnToolsVersion = 8.3.2;
						DevelopmentTeam = VJQVDWQ9VC;
						ProvisioningStyle = Automatic;
					};
				};
			};
			buildConfigurationList = EE26DBF01EE745F70076EB04 /* Build configuration list for PBXProject "DreamLister" */;
			compatibilityVersion = "Xcode 3.2";
			developmentRegion = English;
			hasScannedForEncodings = 0;
			knownRegions = (
				en,
				Base,
			);
			mainGroup = EE26DBEC1EE745F70076EB04;
			productRefGroup = EE26DBF61EE745F70076EB04 /* Products */;
			projectDirPath = "";
			projectRoot = "";
			targets = (
				EE26DBF41EE745F70076EB04 /* DreamLister */,
			);
		};
/* End PBXProject section */

/* Begin PBXResourcesBuildPhase section */
		EE26DBF31EE745F70076EB04 /* Resources */ = {
			isa = PBXResourcesBuildPhase;
			buildActionMask = 2147483647;
			files = (
				EE26DC061EE745F70076EB04 /* LaunchScreen.storyboard in Resources */,
				EE26DC031EE745F70076EB04 /* Assets.xcassets in Resources */,
				EE26DBFE1EE745F70076EB04 /* Main.storyboard in Resources */,
			);
			runOnlyForDeploymentPostprocessing = 0;
		};
/* End PBXResourcesBuildPhase section */

/* Begin PBXSourcesBuildPhase section */
		EE26DBF11EE745F70076EB04 /* Sources */ = {
			isa = PBXSourcesBuildPhase;
			buildActionMask = 2147483647;
			files = (
				EE4E708A1EE74C1D00B48CA0 /* ItemType+CoreDataClass.swift in Sources */,
				EE4E70851EE74C1D00B48CA0 /* Item+CoreDataProperties.swift in Sources */,
				EE4E70841EE74C1D00B48CA0 /* Item+CoreDataClass.swift in Sources */,
				EE4E708E1EE7789D00B48CA0 /* MaterialView.swift in Sources */,
				EE4E70901EE77C9000B48CA0 /* ItemCell.swift in Sources */,
				EE4E70861EE74C1D00B48CA0 /* Image+CoreDataClass.swift in Sources */,
				EE26DC0E1EE7460B0076EB04 /* CustomTextField.swift in Sources */,
				EE4E70881EE74C1D00B48CA0 /* Store+CoreDataClass.swift in Sources */,
				EE4E70891EE74C1D00B48CA0 /* Store+CoreDataProperties.swift in Sources */,
				EE86ADD71EE9F115006B993C /* ItemDetailsVC.swift in Sources */,
				EE26DBFB1EE745F70076EB04 /* MainVC.swift in Sources */,
				EE4E708B1EE74C1D00B48CA0 /* ItemType+CoreDataProperties.swift in Sources */,
				EE26DBF91EE745F70076EB04 /* AppDelegate.swift in Sources */,
				EE26DC011EE745F70076EB04 /* DreamLister.xcdatamodeld in Sources */,
				EE4E70871EE74C1D00B48CA0 /* Image+CoreDataProperties.swift in Sources */,
			);
			runOnlyForDeploymentPostprocessing = 0;
		};
/* End PBXSourcesBuildPhase section */

/* Begin PBXVariantGroup section */
		EE26DBFC1EE745F70076EB04 /* Main.storyboard */ = {
			isa = PBXVariantGroup;
			children = (
				EE26DBFD1EE745F70076EB04 /* Base */,
			);
			name = Main.storyboard;
			sourceTree = "<group>";
		};
		EE26DC041EE745F70076EB04 /* LaunchScreen.storyboard */ = {
			isa = PBXVariantGroup;
			children = (
				EE26DC051EE745F70076EB04 /* Base */,
			);
			name = LaunchScreen.storyboard;
			sourceTree = "<group>";
		};
/* End PBXVariantGroup section */

/* Begin XCBuildConfiguration section */
		EE26DC081EE745F70076EB04 /* Debug */ = {
			isa = XCBuildConfiguration;
			buildSettings = {
				ALWAYS_SEARCH_USER_PATHS = NO;
				CLANG_ANALYZER_NONNULL = YES;
				CLANG_ANALYZER_NUMBER_OBJECT_CONVERSION = YES_AGGRESSIVE;
				CLANG_CXX_LANGUAGE_STANDARD = "gnu++0x";
				CLANG_CXX_LIBRARY = "libc++";
				CLANG_ENABLE_MODULES = YES;
				CLANG_ENABLE_OBJC_ARC = YES;
				CLANG_WARN_BOOL_CONVERSION = YES;
				CLANG_WARN_CONSTANT_CONVERSION = YES;
				CLANG_WARN_DIRECT_OBJC_ISA_USAGE = YES_ERROR;
				CLANG_WARN_DOCUMENTATION_COMMENTS = YES;
				CLANG_WARN_EMPTY_BODY = YES;
				CLANG_WARN_ENUM_CONVERSION = YES;
				CLANG_WARN_INFINITE_RECURSION = YES;
				CLANG_WARN_INT_CONVERSION = YES;
				CLANG_WARN_OBJC_ROOT_CLASS = YES_ERROR;
				CLANG_WARN_SUSPICIOUS_MOVE = YES;
				CLANG_WARN_UNREACHABLE_CODE = YES;
				CLANG_WARN__DUPLICATE_METHOD_MATCH = YES;
				"CODE_SIGN_IDENTITY[sdk=iphoneos*]" = "iPhone Developer";
				COPY_PHASE_STRIP = NO;
				DEBUG_INFORMATION_FORMAT = dwarf;
				ENABLE_STRICT_OBJC_MSGSEND = YES;
				ENABLE_TESTABILITY = YES;
				GCC_C_LANGUAGE_STANDARD = gnu99;
				GCC_DYNAMIC_NO_PIC = NO;
				GCC_NO_COMMON_BLOCKS = YES;
				GCC_OPTIMIZATION_LEVEL = 0;
				GCC_PREPROCESSOR_DEFINITIONS = (
					"DEBUG=1",
					"$(inherited)",
				);
				GCC_WARN_64_TO_32_BIT_CONVERSION = YES;
				GCC_WARN_ABOUT_RETURN_TYPE = YES_ERROR;
				GCC_WARN_UNDECLARED_SELECTOR = YES;
				GCC_WARN_UNINITIALIZED_AUTOS = YES_AGGRESSIVE;
				GCC_WARN_UNUSED_FUNCTION = YES;
				GCC_WARN_UNUSED_VARIABLE = YES;
				IPHONEOS_DEPLOYMENT_TARGET = 10.3;
				MTL_ENABLE_DEBUG_INFO = YES;
				ONLY_ACTIVE_ARCH = YES;
				SDKROOT = iphoneos;
				SWIFT_ACTIVE_COMPILATION_CONDITIONS = DEBUG;
				SWIFT_OPTIMIZATION_LEVEL = "-Onone";
				TARGETED_DEVICE_FAMILY = "1,2";
			};
			name = Debug;
		};
		EE26DC091EE745F70076EB04 /* Release */ = {
			isa = XCBuildConfiguration;
			buildSettings = {
				ALWAYS_SEARCH_USER_PATHS = NO;
				CLANG_ANALYZER_NONNULL = YES;
				CLANG_ANALYZER_NUMBER_OBJECT_CONVERSION = YES_AGGRESSIVE;
				CLANG_CXX_LANGUAGE_STANDARD = "gnu++0x";
				CLANG_CXX_LIBRARY = "libc++";
				CLANG_ENABLE_MODULES = YES;
				CLANG_ENABLE_OBJC_ARC = YES;
				CLANG_WARN_BOOL_CONVERSION = YES;
				CLANG_WARN_CONSTANT_CONVERSION = YES;
				CLANG_WARN_DIRECT_OBJC_ISA_USAGE = YES_ERROR;
				CLANG_WARN_DOCUMENTATION_COMMENTS = YES;
				CLANG_WARN_EMPTY_BODY = YES;
				CLANG_WARN_ENUM_CONVERSION = YES;
				CLANG_WARN_INFINITE_RECURSION = YES;
				CLANG_WARN_INT_CONVERSION = YES;
				CLANG_WARN_OBJC_ROOT_CLASS = YES_ERROR;
				CLANG_WARN_SUSPICIOUS_MOVE = YES;
				CLANG_WARN_UNREACHABLE_CODE = YES;
				CLANG_WARN__DUPLICATE_METHOD_MATCH = YES;
				"CODE_SIGN_IDENTITY[sdk=iphoneos*]" = "iPhone Developer";
				COPY_PHASE_STRIP = NO;
				DEBUG_INFORMATION_FORMAT = "dwarf-with-dsym";
				ENABLE_NS_ASSERTIONS = NO;
				ENABLE_STRICT_OBJC_MSGSEND = YES;
				GCC_C_LANGUAGE_STANDARD = gnu99;
				GCC_NO_COMMON_BLOCKS = YES;
				GCC_WARN_64_TO_32_BIT_CONVERSION = YES;
				GCC_WARN_ABOUT_RETURN_TYPE = YES_ERROR;
				GCC_WARN_UNDECLARED_SELECTOR = YES;
				GCC_WARN_UNINITIALIZED_AUTOS = YES_AGGRESSIVE;
				GCC_WARN_UNUSED_FUNCTION = YES;
				GCC_WARN_UNUSED_VARIABLE = YES;
				IPHONEOS_DEPLOYMENT_TARGET = 10.3;
				MTL_ENABLE_DEBUG_INFO = NO;
				SDKROOT = iphoneos;
				SWIFT_OPTIMIZATION_LEVEL = "-Owholemodule";
				TARGETED_DEVICE_FAMILY = "1,2";
				VALIDATE_PRODUCT = YES;
			};
			name = Release;
		};
		EE26DC0B1EE745F70076EB04 /* Debug */ = {
			isa = XCBuildConfiguration;
			buildSettings = {
				ASSETCATALOG_COMPILER_APPICON_NAME = AppIcon;
				DEVELOPMENT_TEAM = VJQVDWQ9VC;
				INFOPLIST_FILE = DreamLister/Info.plist;
				LD_RUNPATH_SEARCH_PATHS = "$(inherited) @executable_path/Frameworks";
				PRODUCT_BUNDLE_IDENTIFIER = com.matttripodi.DreamLister;
				PRODUCT_NAME = "$(TARGET_NAME)";
				SWIFT_VERSION = 3.0;
			};
			name = Debug;
		};
		EE26DC0C1EE745F70076EB04 /* Release */ = {
			isa = XCBuildConfiguration;
			buildSettings = {
				ASSETCATALOG_COMPILER_APPICON_NAME = AppIcon;
				DEVELOPMENT_TEAM = VJQVDWQ9VC;
				INFOPLIST_FILE = DreamLister/Info.plist;
				LD_RUNPATH_SEARCH_PATHS = "$(inherited) @executable_path/Frameworks";
				PRODUCT_BUNDLE_IDENTIFIER = com.matttripodi.DreamLister;
				PRODUCT_NAME = "$(TARGET_NAME)";
				SWIFT_VERSION = 3.0;
			};
			name = Release;
		};
/* End XCBuildConfiguration section */

/* Begin XCConfigurationList section */
		EE26DBF01EE745F70076EB04 /* Build configuration list for PBXProject "DreamLister" */ = {
			isa = XCConfigurationList;
			buildConfigurations = (
				EE26DC081EE745F70076EB04 /* Debug */,
				EE26DC091EE745F70076EB04 /* Release */,
			);
			defaultConfigurationIsVisible = 0;
			defaultConfigurationName = Release;
		};
		EE26DC0A1EE745F70076EB04 /* Build configuration list for PBXNativeTarget "DreamLister" */ = {
			isa = XCConfigurationList;
			buildConfigurations = (
				EE26DC0B1EE745F70076EB04 /* Debug */,
				EE26DC0C1EE745F70076EB04 /* Release */,
			);
			defaultConfigurationIsVisible = 0;
			defaultConfigurationName = Release;
		};
/* End XCConfigurationList section */

/* Begin XCVersionGroup section */
		EE26DBFF1EE745F70076EB04 /* DreamLister.xcdatamodeld */ = {
			isa = XCVersionGroup;
			children = (
				EE26DC001EE745F70076EB04 /* DreamLister.xcdatamodel */,
			);
			currentVersion = EE26DC001EE745F70076EB04 /* DreamLister.xcdatamodel */;
			path = DreamLister.xcdatamodeld;
			sourceTree = "<group>";
			versionGroupType = wrapper.xcdatamodel;
		};
/* End XCVersionGroup section */
	};
	rootObject = EE26DBED1EE745F70076EB04 /* Project object */;
}
